{
  "name": "strategy-referee",
  "version": "0.0.1",
  "lockfileVersion": 3,
  "requires": true,
  "packages": {
    "": {
      "name": "strategy-referee",
      "version": "0.0.1",
      "license": "MIT",
      "dependencies": {
        "@stratchai/backtest": "^0.0.3",
        "@stratchai/cathode": "^0.1.6",
        "@stratchai/indicators": "^0.4.0",
        "@stratchai/strategy-spec": "^0.5.0",
        "dotenv": "^16.4.0"
      },
      "engines": {
        "node": ">=20"
      }
    },
    "node_modules/@stratchai/backtest": {
      "version": "0.0.3",
      "resolved": "https://registry.npmjs.org/@stratchai/backtest/-/backtest-0.0.3.tgz",
      "integrity": "sha512-kXjyNWJz3FPwi4IcrJFqc/4zM7Di9OwH6cJPNIUJ9TNLMzOeNoQ3uZkR684q9RqQH29R/99E7EURNUB0082y1w==",
      "license": "MIT",
      "engines": {
        "node": ">=18.0.0"
      },
      "peerDependencies": {
        "@stratchai/indicators": ">=0.2.0"
      }
    },
    "node_modules/@stratchai/cathode": {
      "version": "0.1.6",
      "resolved": "https://registry.npmjs.org/@stratchai/cathode/-/cathode-0.1.6.tgz",
      "integrity": "sha512-yfn88MnmfRP7lH9aUqo0jgOJHwjTTT1BO/UYsB3AT6KTgpUajn4NwutoD6YTe7bPtldW/o7W7l8TAhT78HqhAw==",
      "license": "MIT",
      "peerDependencies": {
        "three": "^0.170.0",
        "vue": "^3.4.0"
      }
    },
    "node_modules/@stratchai/indicators": {
      "version": "0.4.0",
      "resolved": "https://registry.npmjs.org/@stratchai/indicators/-/indicators-0.4.0.tgz",
      "integrity": "sha512-pJl2/1wZ2CdzMZodSXZdkIRsuR5n+6qUc44WlgwRX+atJcLdCgkE+OzsbOAXHOCMq0GXhEUQB+LOj34UZL7EMw==",
      "license": "MIT",
      "engines": {
        "node": ">=16.0.0"
      }
    },
    "node_modules/@stratchai/strategy-spec": {
      "version": "0.5.0",
      "resolved": "https://registry.npmjs.org/@stratchai/strategy-spec/-/strategy-spec-0.5.0.tgz",
      "integrity": "sha512-Hi9zIBTkviKH91/eeFnLjevuc3jLH/Q8SQpo/4YFIFG0WIcmGEy797lv6S0eENjp+F/gQLIqa2PrHKq5Lprj6w==",
      "license": "MIT",
      "dependencies": {
        "dotenv": "^17.0.0",
        "zod": "^3.22.0"
      },
      "bin": {
        "sk-build-spec": "src/generator.js"
      },
      "engines": {
        "node": ">=16.0.0"
      },
      "peerDependencies": {
        "@stratchai/indicators": "^0.2.1"
      }
    },
    "node_modules/@stratchai/strategy-spec/node_modules/dotenv": {
      "version": "17.4.2",
      "resolved": "https://registry.npmjs.org/dotenv/-/dotenv-17.4.2.tgz",
      "integrity": "sha512-nI4U3TottKAcAD9LLud4Cb7b2QztQMUEfHbvhTH09bqXTxnSie8WnjPALV/WMCrJZ6UV/qHJ6L03OqO3LcdYZw==",
      "license": "BSD-2-Clause",
      "engines": {
        "node": ">=12"
      },
      "funding": {
        "url": "https://dotenvx.com"
      }
    },
    "node_modules/dotenv": {
      "version": "16.6.1",
      "resolved": "https://registry.npmjs.org/dotenv/-/dotenv-16.6.1.tgz",
      "integrity": "sha512-uBq4egWHTcTt33a72vpSG0z3HnPuIl6NqYcTrKEg2azoEyl2hpW0zqlxysq2pK9HlDIHyHyakeYaYnSAwd8bow==",
      "license": "BSD-2-Clause",
      "engines": {
        "node": ">=12"
      },
      "funding": {
        "url": "https://dotenvx.com"
      }
    },
    "node_modules/zod": {
      "version": "3.25.76",
      "resolved": "https://registry.npmjs.org/zod/-/zod-3.25.76.tgz",
      "integrity": "sha512-gzUt/qt81nXsFGKIFcC3YnfEAx5NkunCfnDlvuBSSFS02bcXu4Lmea0AFIUwbLWxWPx3d9p8S5QoaujKcNQxcQ==",
      "license": "MIT",
      "funding": {
        "url": "https://github.com/sponsors/colinhacks"
      }
    }
  }
}
